
Microsoft Visual Studio Solution File, Format Version 12.00
# Visual Studio 14
VisualStudioVersion = 14.0.24720.0
MinimumVisualStudioVersion = 10.0.40219.1
Project("{FAE04EC0-301F-11D3-BF4B-00C04F79EFBC}") = "oblig1consola", "oblig1consola\oblig1consola.csproj", "{8BDF65E0-CD79-4A51-A743-3D6A728412D6}"
	ProjectSection(ProjectDependencies) = postProject
		{ED44E281-09D4-49DF-9C4B-6CF845B02C5A} = {ED44E281-09D4-49DF-9C4B-6CF845B02C5A}
	EndProjectSection
EndProject
Project("{FAE04EC0-301F-11D3-BF4B-00C04F79EFBC}") = "oblig2clases", "oblig1clases\oblig2clases.csproj", "{ED44E281-09D4-49DF-9C4B-6CF845B02C5A}"
EndProject
Project("{FAE04EC0-301F-11D3-BF4B-00C04F79EFBC}") = "oblig2web", "oblig2web\oblig2web.csproj", "{EBD7597D-4752-4646-ADBF-7C1EA989C68E}"
EndProject
Global
	GlobalSection(SolutionConfigurationPlatforms) = preSolution
		Debug|Any CPU = Debug|Any CPU
		Release|Any CPU = Release|Any CPU
	EndGlobalSection
	GlobalSection(ProjectConfigurationPlatforms) = postSolution
		{8BDF65E0-CD79-4A51-A743-3D6A728412D6}.Debug|Any CPU.ActiveCfg = Debug|Any CPU
		{8BDF65E0-CD79-4A51-A743-3D6A728412D6}.Debug|Any CPU.Build.0 = Debug|Any CPU
		{8BDF65E0-CD79-4A51-A743-3D6A728412D6}.Release|Any CPU.ActiveCfg = Release|Any CPU
		{8BDF65E0-CD79-4A51-A743-3D6A728412D6}.Release|Any CPU.Build.0 = Release|Any CPU
		{ED44E281-09D4-49DF-9C4B-6CF845B02C5A}.Debug|Any CPU.ActiveCfg = Debug|Any CPU
		{ED44E281-09D4-49DF-9C4B-6CF845B02C5A}.Debug|Any CPU.Build.0 = Debug|Any CPU
		{ED44E281-09D4-49DF-9C4B-6CF845B02C5A}.Release|Any CPU.ActiveCfg = Release|Any CPU
		{ED44E281-09D4-49DF-9C4B-6CF845B02C5A}.Release|Any CPU.Build.0 = Release|Any CPU
		{EBD7597D-4752-4646-ADBF-7C1EA989C68E}.Debug|Any CPU.ActiveCfg = Debug|Any CPU
		{EBD7597D-4752-4646-ADBF-7C1EA989C68E}.Debug|Any CPU.Build.0 = Debug|Any CPU
		{EBD7597D-4752-4646-ADBF-7C1EA989C68E}.Release|Any CPU.ActiveCfg = Release|Any CPU
		{EBD7597D-4752-4646-ADBF-7C1EA989C68E}.Release|Any CPU.Build.0 = Release|Any CPU
	EndGlobalSection
	GlobalSection(SolutionProperties) = preSolution
		HideSolutionNode = FALSE
	EndGlobalSection
EndGlobal
